
Microsoft Visual Studio Solution File, Format Version 12.00
# Visual Studio Version 16
VisualStudioVersion = 16.0.29201.188
MinimumVisualStudioVersion = 10.0.40219.1
Project("{FAE04EC0-301F-11D3-BF4B-00C04F79EFBC}") = "Open-Closed-Kata", "Open-Closed-Kata\Open-Closed-Kata.csproj", "{5858F7C6-0A98-4AD9-8D05-18A101892800}"
EndProject
Global
	GlobalSection(SolutionConfigurationPlatforms) = preSolution
		Debug|Any CPU = Debug|Any CPU
		Release|Any CPU = Release|Any CPU
	EndGlobalSection
	GlobalSection(ProjectConfigurationPlatforms) = postSolution
		{5858F7C6-0A98-4AD9-8D05-18A101892800}.Debug|Any CPU.ActiveCfg = Debug|Any CPU
		{5858F7C6-0A98-4AD9-8D05-18A101892800}.Debug|Any CPU.Build.0 = Debug|Any CPU
		{5858F7C6-0A98-4AD9-8D05-18A101892800}.Release|Any CPU.ActiveCfg = Release|Any CPU
		{5858F7C6-0A98-4AD9-8D05-18A101892800}.Release|Any CPU.Build.0 = Release|Any CPU
	EndGlobalSection
	GlobalSection(SolutionProperties) = preSolution
		HideSolutionNode = FALSE
	EndGlobalSection
	GlobalSection(ExtensibilityGlobals) = postSolution
		SolutionGuid = {B528C3AB-53A5-4395-9FE9-FDA15F948D17}
	EndGlobalSection
EndGlobal
